<?xml version="1.0" encoding="utf-8"?>
<Project ToolsVersion="17.0" xmlns="http://schemas.microsoft.com/developer/msbuild/2003">
  <ItemGroup>
    <ClCompile Include="E:\develop\hwifo\hwinfo\src\hwinfo.cpp">
      <Filter>Source Files</Filter>
    </ClCompile>
    <ClCompile Include="E:\develop\hwifo\hwinfo\src\PCIMapper.cpp">
      <Filter>Source Files</Filter>
    </ClCompile>
    <ClCompile Include="E:\develop\hwifo\hwinfo\src\battery.cpp">
      <Filter>Source Files</Filter>
    </ClCompile>
    <ClCompile Include="E:\develop\hwifo\hwinfo\src\cpu.cpp">
      <Filter>Source Files</Filter>
    </ClCompile>
    <ClCompile Include="E:\develop\hwifo\hwinfo\src\gpu.cpp">
      <Filter>Source Files</Filter>
    </ClCompile>
    <ClCompile Include="E:\develop\hwifo\hwinfo\src\ram.cpp">
      <Filter>Source Files</Filter>
    </ClCompile>
    <ClCompile Include="E:\develop\hwifo\hwinfo\src\os.cpp">
      <Filter>Source Files</Filter>
    </ClCompile>
    <ClCompile Include="E:\develop\hwifo\hwinfo\src\mainboard.cpp">
      <Filter>Source Files</Filter>
    </ClCompile>
    <ClCompile Include="E:\develop\hwifo\hwinfo\src\disk.cpp">
      <Filter>Source Files</Filter>
    </ClCompile>
    <ClCompile Include="E:\develop\hwifo\hwinfo\src\apple\utils\filesystem.cpp">
      <Filter>Source Files</Filter>
    </ClCompile>
    <ClCompile Include="E:\develop\hwifo\hwinfo\src\apple\battery.cpp">
      <Filter>Source Files</Filter>
    </ClCompile>
    <ClCompile Include="E:\develop\hwifo\hwinfo\src\apple\cpu.cpp">
      <Filter>Source Files</Filter>
    </ClCompile>
    <ClCompile Include="E:\develop\hwifo\hwinfo\src\apple\gpu.cpp">
      <Filter>Source Files</Filter>
    </ClCompile>
    <ClCompile Include="E:\develop\hwifo\hwinfo\src\apple\ram.cpp">
      <Filter>Source Files</Filter>
    </ClCompile>
    <ClCompile Include="E:\develop\hwifo\hwinfo\src\apple\os.cpp">
      <Filter>Source Files</Filter>
    </ClCompile>
    <ClCompile Include="E:\develop\hwifo\hwinfo\src\apple\mainboard.cpp">
      <Filter>Source Files</Filter>
    </ClCompile>
    <ClCompile Include="E:\develop\hwifo\hwinfo\src\apple\disk.cpp">
      <Filter>Source Files</Filter>
    </ClCompile>
    <ClCompile Include="E:\develop\hwifo\hwinfo\src\linux\utils\filesystem.cpp">
      <Filter>Source Files</Filter>
    </ClCompile>
    <ClCompile Include="E:\develop\hwifo\hwinfo\src\linux\battery.cpp">
      <Filter>Source Files</Filter>
    </ClCompile>
    <ClCompile Include="E:\develop\hwifo\hwinfo\src\linux\cpu.cpp">
      <Filter>Source Files</Filter>
    </ClCompile>
    <ClCompile Include="E:\develop\hwifo\hwinfo\src\linux\gpu.cpp">
      <Filter>Source Files</Filter>
    </ClCompile>
    <ClCompile Include="E:\develop\hwifo\hwinfo\src\linux\ram.cpp">
      <Filter>Source Files</Filter>
    </ClCompile>
    <ClCompile Include="E:\develop\hwifo\hwinfo\src\linux\os.cpp">
      <Filter>Source Files</Filter>
    </ClCompile>
    <ClCompile Include="E:\develop\hwifo\hwinfo\src\linux\mainboard.cpp">
      <Filter>Source Files</Filter>
    </ClCompile>
    <ClCompile Include="E:\develop\hwifo\hwinfo\src\linux\disk.cpp">
      <Filter>Source Files</Filter>
    </ClCompile>
    <ClCompile Include="E:\develop\hwifo\hwinfo\src\windows\utils\filesystem.cpp">
      <Filter>Source Files</Filter>
    </ClCompile>
    <ClCompile Include="E:\develop\hwifo\hwinfo\src\windows\utils\wmi_wrapper.cpp">
      <Filter>Source Files</Filter>
    </ClCompile>
    <ClCompile Include="E:\develop\hwifo\hwinfo\src\windows\battery.cpp">
      <Filter>Source Files</Filter>
    </ClCompile>
    <ClCompile Include="E:\develop\hwifo\hwinfo\src\windows\cpu.cpp">
      <Filter>Source Files</Filter>
    </ClCompile>
    <ClCompile Include="E:\develop\hwifo\hwinfo\src\windows\gpu.cpp">
      <Filter>Source Files</Filter>
    </ClCompile>
    <ClCompile Include="E:\develop\hwifo\hwinfo\src\windows\ram.cpp">
      <Filter>Source Files</Filter>
    </ClCompile>
    <ClCompile Include="E:\develop\hwifo\hwinfo\src\windows\os.cpp">
      <Filter>Source Files</Filter>
    </ClCompile>
    <ClCompile Include="E:\develop\hwifo\hwinfo\src\windows\mainboard.cpp">
      <Filter>Source Files</Filter>
    </ClCompile>
    <ClCompile Include="E:\develop\hwifo\hwinfo\src\windows\disk.cpp">
      <Filter>Source Files</Filter>
    </ClCompile>
  </ItemGroup>
  <ItemGroup>
    <CustomBuild Include="E:\develop\hwifo\hwinfo\src\CMakeLists.txt" />
  </ItemGroup>
  <ItemGroup>
    <Filter Include="Source Files">
      <UniqueIdentifier>{1B0D5073-EC69-36C3-8DBC-CE98BDE7E1B9}</UniqueIdentifier>
    </Filter>
  </ItemGroup>
</Project>
